<?xml version="1.0" encoding="utf-8"?>
<Project ToolsVersion="4.0" xmlns="http://schemas.microsoft.com/developer/msbuild/2003">
  <ItemGroup>
    <Filter Include="Source Files">
      <UniqueIdentifier>{4FC737F1-C7A5-4376-A066-2A32D752A2FF}</UniqueIdentifier>
      <Extensions>cpp;c;cc;cxx;c++;cppm;ixx;def;odl;idl;hpj;bat;asm;asmx</Extensions>
    </Filter>
    <Filter Include="Header Files">
      <UniqueIdentifier>{93995380-89BD-4b04-88EB-625FBE52EBFB}</UniqueIdentifier>
      <Extensions>h;hh;hpp;hxx;h++;hm;inl;inc;ipp;xsd</Extensions>
    </Filter>
    <Filter Include="Resource Files">
      <UniqueIdentifier>{67DA6AB6-F800-4c08-8B7A-83BB121AAD01}</UniqueIdentifier>
      <Extensions>rc;ico;cur;bmp;dlg;rc2;rct;bin;rgs;gif;jpg;jpeg;jpe;resx;tiff;tif;png;wav;mfcribbon-ms</Extensions>
    </Filter>
  </ItemGroup>
  <ItemGroup>
    <ClCompile Include="src\main.cpp">
      <Filter>Source Files</Filter>
    </ClCompile>
    <ClCompile Include="src\stdafx.cpp">
      <Filter>Source Files</Filter>
    </ClCompile>
  </ItemGroup>
  <ItemGroup>
    <ClInclude Include="src\include\application\control\form\fileDialog.h">
      <Filter>Header Files</Filter>
    </ClInclude>
    <ClInclude Include="src\include\application\control\form\form.h">
      <Filter>Header Files</Filter>
    </ClInclude>
    <ClInclude Include="src\include\application\control\form\messageBox.h">
      <Filter>Header Files</Filter>
    </ClInclude>
    <ClInclude Include="src\include\application\control\button.h">
      <Filter>Header Files</Filter>
    </ClInclude>
    <ClInclude Include="src\include\application\control\checkbox.h">
      <Filter>Header Files</Filter>
    </ClInclude>
    <ClInclude Include="src\include\application\control\colorPicker.h">
      <Filter>Header Files</Filter>
    </ClInclude>
    <ClInclude Include="src\include\application\control\control.h">
      <Filter>Header Files</Filter>
    </ClInclude>
    <ClInclude Include="src\include\application\control\controlFunctions.h">
      <Filter>Header Files</Filter>
    </ClInclude>
    <ClInclude Include="src\include\application\control\eventTranslator.h">
      <Filter>Header Files</Filter>
    </ClInclude>
    <ClInclude Include="src\include\application\control\label.h">
      <Filter>Header Files</Filter>
    </ClInclude>
    <ClInclude Include="src\include\application\control\listControl.h">
      <Filter>Header Files</Filter>
    </ClInclude>
    <ClInclude Include="src\include\application\control\pictureBox.h">
      <Filter>Header Files</Filter>
    </ClInclude>
    <ClInclude Include="src\include\application\control\slider.h">
      <Filter>Header Files</Filter>
    </ClInclude>
    <ClInclude Include="src\include\application\control\textBox.h">
      <Filter>Header Files</Filter>
    </ClInclude>
    <ClInclude Include="src\include\application\control\touchJoystick.h">
      <Filter>Header Files</Filter>
    </ClInclude>
    <ClInclude Include="src\include\application\thread\setThreadName.h">
      <Filter>Header Files</Filter>
    </ClInclude>
    <ClInclude Include="src\include\application\application.h">
      <Filter>Header Files</Filter>
    </ClInclude>
    <ClInclude Include="src\include\application\applicationrunner.h">
      <Filter>Header Files</Filter>
    </ClInclude>
    <ClInclude Include="src\include\application\initialize.h">
      <Filter>Header Files</Filter>
    </ClInclude>
    <ClInclude Include="src\include\application\interaction.h">
      <Filter>Header Files</Filter>
    </ClInclude>
    <ClInclude Include="src\include\application\mouseButton.h">
      <Filter>Header Files</Filter>
    </ClInclude>
    <ClInclude Include="src\include\application\theme.h">
      <Filter>Header Files</Filter>
    </ClInclude>
    <ClInclude Include="src\include\array\arrayFunctions\arrayFunctions.h">
      <Filter>Header Files</Filter>
    </ClInclude>
    <ClInclude Include="src\include\array\arrayFunctions\sortedArray.h">
      <Filter>Header Files</Filter>
    </ClInclude>
    <ClInclude Include="src\include\array\arraynd\arraynd.h">
      <Filter>Header Files</Filter>
    </ClInclude>
    <ClInclude Include="src\include\array\arraynd\arrayndFunctions.h">
      <Filter>Header Files</Filter>
    </ClInclude>
    <ClInclude Include="src\include\array\fastarray.h">
      <Filter>Header Files</Filter>
    </ClInclude>
    <ClInclude Include="src\include\array\fastlist.h">
      <Filter>Header Files</Filter>
    </ClInclude>
    <ClInclude Include="src\include\array\rectiteratortn.h">
      <Filter>Header Files</Filter>
    </ClInclude>
    <ClInclude Include="src\include\array\skiplist.h">
      <Filter>Header Files</Filter>
    </ClInclude>
    <ClInclude Include="src\include\array\tileList.h">
      <Filter>Header Files</Filter>
    </ClInclude>
    <ClInclude Include="src\include\array\wstringFunctions.h">
      <Filter>Header Files</Filter>
    </ClInclude>
    <ClInclude Include="src\include\event\eventargs.h">
      <Filter>Header Files</Filter>
    </ClInclude>
    <ClInclude Include="src\include\event\eventhandler.h">
      <Filter>Header Files</Filter>
    </ClInclude>
    <ClInclude Include="src\include\filesystem\file\endian.h">
      <Filter>Header Files</Filter>
    </ClInclude>
    <ClInclude Include="src\include\filesystem\file\tcpSerializer.h">
      <Filter>Header Files</Filter>
    </ClInclude>
    <ClInclude Include="src\include\filesystem\fpng\fpng.h">
      <Filter>Header Files</Filter>
    </ClInclude>
    <ClInclude Include="src\include\filesystem\fileFunctions.h">
      <Filter>Header Files</Filter>
    </ClInclude>
    <ClInclude Include="src\include\filesystem\fileio.h">
      <Filter>Header Files</Filter>
    </ClInclude>
    <ClInclude Include="src\include\filesystem\filemanager.h">
      <Filter>Header Files</Filter>
    </ClInclude>
    <ClInclude Include="src\include\filesystem\gzipIncluder.h">
      <Filter>Header Files</Filter>
    </ClInclude>
    <ClInclude Include="src\include\filesystem\iserializable.h">
      <Filter>Header Files</Filter>
    </ClInclude>
    <ClInclude Include="src\include\filesystem\iserializer.h">
      <Filter>Header Files</Filter>
    </ClInclude>
    <ClInclude Include="src\include\filesystem\jsonReader.h">
      <Filter>Header Files</Filter>
    </ClInclude>
    <ClInclude Include="src\include\filesystem\serialization.h">
      <Filter>Header Files</Filter>
    </ClInclude>
    <ClInclude Include="src\include\filesystem\serializer.h">
      <Filter>Header Files</Filter>
    </ClInclude>
    <ClInclude Include="src\include\filesystem\sfmlInputStream.h">
      <Filter>Header Files</Filter>
    </ClInclude>
    <ClInclude Include="src\include\filesystem\textfile.h">
      <Filter>Header Files</Filter>
    </ClInclude>
    <ClInclude Include="src\include\interface\idestructable.h">
      <Filter>Header Files</Filter>
    </ClInclude>
    <ClInclude Include="src\include\interface\inamable.h">
      <Filter>Header Files</Filter>
    </ClInclude>
    <ClInclude Include="src\include\math\algorithm\findInCircles.h">
      <Filter>Header Files</Filter>
    </ClInclude>
    <ClInclude Include="src\include\math\algorithm\gcd.h">
      <Filter>Header Files</Filter>
    </ClInclude>
    <ClInclude Include="src\include\math\algorithm\iterate2Dto1D.h">
      <Filter>Header Files</Filter>
    </ClInclude>
    <ClInclude Include="src\include\math\algorithm\modInverse.h">
      <Filter>Header Files</Filter>
    </ClInclude>
    <ClInclude Include="src\include\math\dimension\dimensionalindex.h">
      <Filter>Header Files</Filter>
    </ClInclude>
    <ClInclude Include="src\include\math\graphics\brush\brushes\alphaMask.h">
      <Filter>Header Files</Filter>
    </ClInclude>
    <ClInclude Include="src\include\math\graphics\brush\brushes\bilinearInterpolator.h">
      <Filter>Header Files</Filter>
    </ClInclude>
    <ClInclude Include="src\include\math\graphics\brush\brushes\colorMaximizer.h">
      <Filter>Header Files</Filter>
    </ClInclude>
    <ClInclude Include="src\include\math\graphics\brush\brushes\colorMultiplier.h">
      <Filter>Header Files</Filter>
    </ClInclude>
    <ClInclude Include="src\include\math\graphics\brush\brushes\functionPointerBrush.h">
      <Filter>Header Files</Filter>
    </ClInclude>
    <ClInclude Include="src\include\math\graphics\brush\brushes\grayScaleToTransparency.h">
      <Filter>Header Files</Filter>
    </ClInclude>
    <ClInclude Include="src\include\math\graphics\brush\brushes\repeatingBrush.h">
      <Filter>Header Files</Filter>
    </ClInclude>
    <ClInclude Include="src\include\math\graphics\brush\brushes\saturator.h">
      <Filter>Header Files</Filter>
    </ClInclude>
    <ClInclude Include="src\include\math\graphics\brush\brushes\solidBrush.h">
      <Filter>Header Files</Filter>
    </ClInclude>
    <ClInclude Include="src\include\math\graphics\brush\brushes\solidColorBrush.h">
      <Filter>Header Files</Filter>
    </ClInclude>
    <ClInclude Include="src\include\math\graphics\brush\brushes\squareInterpolator.h">
      <Filter>Header Files</Filter>
    </ClInclude>
    <ClInclude Include="src\include\math\graphics\brush\brushes\vignetteBrush.h">
      <Filter>Header Files</Filter>
    </ClInclude>
    <ClInclude Include="src\include\math\graphics\brush\font\baseFont.h">
      <Filter>Header Files</Filter>
    </ClInclude>
    <ClInclude Include="src\include\math\graphics\brush\font\font.h">
      <Filter>Header Files</Filter>
    </ClInclude>
    <ClInclude Include="src\include\math\graphics\brush\font\fontfamily.h">
      <Filter>Header Files</Filter>
    </ClInclude>
    <ClInclude Include="src\include\math\graphics\brush\brush.h">
      <Filter>Header Files</Filter>
    </ClInclude>
    <ClInclude Include="src\include\math\graphics\brush\brushes.h">
      <Filter>Header Files</Filter>
    </ClInclude>
    <ClInclude Include="src\include\math\graphics\brush\transformbrush.h">
      <Filter>Header Files</Filter>
    </ClInclude>
    <ClInclude Include="src\include\math\graphics\color\color.h">
      <Filter>Header Files</Filter>
    </ClInclude>
    <ClInclude Include="src\include\math\graphics\color\colorFunctions.h">
      <Filter>Header Files</Filter>
    </ClInclude>
    <ClInclude Include="src\include\math\graphics\color\colorPalette.h">
      <Filter>Header Files</Filter>
    </ClInclude>
    <ClInclude Include="src\include\math\graphics\video\videoEncoder.h">
      <Filter>Header Files</Filter>
    </ClInclude>
    <ClInclude Include="src\include\math\graphics\alignment.h">
      <Filter>Header Files</Filter>
    </ClInclude>
    <ClInclude Include="src\include\math\graphics\doubleBuffer.h">
      <Filter>Header Files</Filter>
    </ClInclude>
    <ClInclude Include="src\include\math\graphics\frustum.h">
      <Filter>Header Files</Filter>
    </ClInclude>
    <ClInclude Include="src\include\math\graphics\graphicsFunctions.h">
      <Filter>Header Files</Filter>
    </ClInclude>
    <ClInclude Include="src\include\math\graphics\imageLoader.h">
      <Filter>Header Files</Filter>
    </ClInclude>
    <ClInclude Include="src\include\math\graphics\imageWriter.h">
      <Filter>Header Files</Filter>
    </ClInclude>
    <ClInclude Include="src\include\math\graphics\resolutiontexture.h">
      <Filter>Header Files</Filter>
    </ClInclude>
    <ClInclude Include="src\include\math\graphics\stbincluder.h">
      <Filter>Header Files</Filter>
    </ClInclude>
    <ClInclude Include="src\include\math\graphics\texture.h">
      <Filter>Header Files</Filter>
    </ClInclude>
    <ClInclude Include="src\include\math\graphics\textures.h">
      <Filter>Header Files</Filter>
    </ClInclude>
    <ClInclude Include="src\include\math\physics\gravity\gravity.h">
      <Filter>Header Files</Filter>
    </ClInclude>
    <ClInclude Include="src\include\math\random\random.h">
      <Filter>Header Files</Filter>
    </ClInclude>
    <ClInclude Include="src\include\math\random\shufflerandom.h">
      <Filter>Header Files</Filter>
    </ClInclude>
    <ClInclude Include="src\include\math\rectangle\rectangleBuilder.h">
      <Filter>Header Files</Filter>
    </ClInclude>
    <ClInclude Include="src\include\math\rectangle\rectanglefunctions.h">
      <Filter>Header Files</Filter>
    </ClInclude>
    <ClInclude Include="src\include\math\rectangle\rectangletn.h">
      <Filter>Header Files</Filter>
    </ClInclude>
    <ClInclude Include="src\include\math\sound\sound.h">
      <Filter>Header Files</Filter>
    </ClInclude>
    <ClInclude Include="src\include\math\sphere\sphere.h">
      <Filter>Header Files</Filter>
    </ClInclude>
    <ClInclude Include="src\include\math\sphere\sphereCollisions.h">
      <Filter>Header Files</Filter>
    </ClInclude>
    <ClInclude Include="src\include\math\vector\vectn.h">
      <Filter>Header Files</Filter>
    </ClInclude>
    <ClInclude Include="src\include\math\vector\vectorfunctions.h">
      <Filter>Header Files</Filter>
    </ClInclude>
    <ClInclude Include="src\include\math\vector\vectorrandom.h">
      <Filter>Header Files</Filter>
    </ClInclude>
    <ClInclude Include="src\include\math\wave\waveShaper.h">
      <Filter>Header Files</Filter>
    </ClInclude>
    <ClInclude Include="src\include\math\axis.h">
      <Filter>Header Files</Filter>
    </ClInclude>
    <ClInclude Include="src\include\math\bigNumber.h">
      <Filter>Header Files</Filter>
    </ClInclude>
    <ClInclude Include="src\include\math\bodypart2d.h">
      <Filter>Header Files</Filter>
    </ClInclude>
    <ClInclude Include="src\include\math\collisions.h">
      <Filter>Header Files</Filter>
    </ClInclude>
    <ClInclude Include="src\include\math\coordinatesystem.h">
      <Filter>Header Files</Filter>
    </ClInclude>
    <ClInclude Include="src\include\math\cropline.h">
      <Filter>Header Files</Filter>
    </ClInclude>
    <ClInclude Include="src\include\math\direction.h">
      <Filter>Header Files</Filter>
    </ClInclude>
    <ClInclude Include="src\include\math\endlessPrecision.h">
      <Filter>Header Files</Filter>
    </ClInclude>
    <ClInclude Include="src\include\math\hashing.h">
      <Filter>Header Files</Filter>
    </ClInclude>
    <ClInclude Include="src\include\math\intersectable.h">
      <Filter>Header Files</Filter>
    </ClInclude>
    <ClInclude Include="src\include\math\intersectableCuboid.h">
      <Filter>Header Files</Filter>
    </ClInclude>
    <ClInclude Include="src\include\math\intersection.h">
      <Filter>Header Files</Filter>
    </ClInclude>
    <ClInclude Include="src\include\math\keyframe.h">
      <Filter>Header Files</Filter>
    </ClInclude>
    <ClInclude Include="src\include\math\LayerNoiseSimplex.h">
      <Filter>Header Files</Filter>
    </ClInclude>
    <ClInclude Include="src\include\math\MarchingCubes.h">
      <Filter>Header Files</Filter>
    </ClInclude>
    <ClInclude Include="src\include\math\mathFunctions.h">
      <Filter>Header Files</Filter>
    </ClInclude>
    <ClInclude Include="src\include\math\matt3x3.h">
      <Filter>Header Files</Filter>
    </ClInclude>
    <ClInclude Include="src\include\math\mattnxn.h">
      <Filter>Header Files</Filter>
    </ClInclude>
    <ClInclude Include="src\include\math\meshConstants.h">
      <Filter>Header Files</Filter>
    </ClInclude>
    <ClInclude Include="src\include\math\meshfunctions.h">
      <Filter>Header Files</Filter>
    </ClInclude>
    <ClInclude Include="src\include\math\octreenode.h">
      <Filter>Header Files</Filter>
    </ClInclude>
    <ClInclude Include="src\include\math\physics.h">
      <Filter>Header Files</Filter>
    </ClInclude>
    <ClInclude Include="src\include\math\point3.h">
      <Filter>Header Files</Filter>
    </ClInclude>
    <ClInclude Include="src\include\math\ray.h">
      <Filter>Header Files</Filter>
    </ClInclude>
    <ClInclude Include="src\include\math\raycast.h">
      <Filter>Header Files</Filter>
    </ClInclude>
    <ClInclude Include="src\include\math\raycastIterator.h">
      <Filter>Header Files</Filter>
    </ClInclude>
    <ClInclude Include="src\include\math\SimplexNoise.h">
      <Filter>Header Files</Filter>
    </ClInclude>
    <ClInclude Include="src\include\math\tile.h">
      <Filter>Header Files</Filter>
    </ClInclude>
    <ClInclude Include="src\include\math\timemath.h">
      <Filter>Header Files</Filter>
    </ClInclude>
    <ClInclude Include="src\include\math\treenodeiterator.h">
      <Filter>Header Files</Filter>
    </ClInclude>
    <ClInclude Include="src\include\math\triangle.h">
      <Filter>Header Files</Filter>
    </ClInclude>
    <ClInclude Include="src\include\math\triangulationtable.h">
      <Filter>Header Files</Filter>
    </ClInclude>
    <ClInclude Include="src\include\math\uuid.h">
      <Filter>Header Files</Filter>
    </ClInclude>
    <ClInclude Include="src\include\network\client\clientInput.h">
      <Filter>Header Files</Filter>
    </ClInclude>
    <ClInclude Include="src\include\network\compressedPacket.h">
      <Filter>Header Files</Filter>
    </ClInclude>
    <ClInclude Include="src\include\optimization\benchmark.h">
      <Filter>Header Files</Filter>
    </ClInclude>
    <ClInclude Include="src\include\optimization\debug.h">
      <Filter>Header Files</Filter>
    </ClInclude>
    <ClInclude Include="src\include\optimization\handleError.h">
      <Filter>Header Files</Filter>
    </ClInclude>
    <ClInclude Include="src\include\optimization\macrotricks.h">
      <Filter>Header Files</Filter>
    </ClInclude>
    <ClInclude Include="src\include\optimization\optimization.h">
      <Filter>Header Files</Filter>
    </ClInclude>
    <ClInclude Include="src\include\optimization\stableTickLoop.h">
      <Filter>Header Files</Filter>
    </ClInclude>
    <ClInclude Include="src\include\sound\audio2d.h">
      <Filter>Header Files</Filter>
    </ClInclude>
    <ClInclude Include="src\include\sound\soundHandler2D.h">
      <Filter>Header Files</Filter>
    </ClInclude>
    <ClInclude Include="src\include\type\conversion.h">
      <Filter>Header Files</Filter>
    </ClInclude>
    <ClInclude Include="src\include\type\types.h">
      <Filter>Header Files</Filter>
    </ClInclude>
    <ClInclude Include="src\include\globalFunctions.h">
      <Filter>Header Files</Filter>
    </ClInclude>
    <ClInclude Include="src\include\windowsIncluder.h">
      <Filter>Header Files</Filter>
    </ClInclude>
    <ClInclude Include="src\gameInfo.h">
      <Filter>Header Files</Filter>
    </ClInclude>
    <ClInclude Include="src\stdafx.h">
      <Filter>Header Files</Filter>
    </ClInclude>
    <ClInclude Include="src\constants\vectorConstants.h">
      <Filter>Header Files</Filter>
    </ClInclude>
    <ClInclude Include="src\nbt\serializeVector.h">
      <Filter>Header Files</Filter>
    </ClInclude>
    <ClInclude Include="src\nbt\serializeDirection.h">
      <Filter>Header Files</Filter>
    </ClInclude>
    <ClInclude Include="src\nbt\serializeList.h">
      <Filter>Header Files</Filter>
    </ClInclude>
    <ClInclude Include="src\nbt\serializeRectangle.h">
      <Filter>Header Files</Filter>
    </ClInclude>
    <ClInclude Include="src\nbt\serializeUUID.h">
      <Filter>Header Files</Filter>
    </ClInclude>
    <ClInclude Include="src\include\math\graphics\brush\brushes\colorMixer.h">
      <Filter>Header Files</Filter>
    </ClInclude>
    <ClInclude Include="src\include\math\graphics\brush\brushes\combineBrush.h">
      <Filter>Header Files</Filter>
    </ClInclude>
    <ClInclude Include="src\include\math\graphics\fillRow.h">
      <Filter>Header Files</Filter>
    </ClInclude>
    <ClInclude Include="src\nbt\serializeOptional.h">
      <Filter>Header Files</Filter>
    </ClInclude>
  </ItemGroup>
  <ItemGroup>
    <None Include="cpp.hint" />
  </ItemGroup>
  <ItemGroup>
    <Natvis Include="visualization.natvis" />
  </ItemGroup>
</Project>